// !$*UTF8*$!
{
	archiveVersion = 1;
	classes = {
	};
	objectVersion = 46;
	objects = {

/* Begin PBXBuildFile section */
		A35914081C3A047C00D6CED8 /* AppDelegate.swift in Sources */ = {isa = PBXBuildFile; fileRef = A35914071C3A047C00D6CED8 /* AppDelegate.swift */; };
		A359140A1C3A047C00D6CED8 /* ViewController.swift in Sources */ = {isa = PBXBuildFile; fileRef = A35914091C3A047C00D6CED8 /* ViewController.swift */; };
		A359140D1C3A047C00D6CED8 /* Main.storyboard in Resources */ = {isa = PBXBuildFile; fileRef = A359140B1C3A047C00D6CED8 /* Main.storyboard */; };
		A359140F1C3A047C00D6CED8 /* Assets.xcassets in Resources */ = {isa = PBXBuildFile; fileRef = A359140E1C3A047C00D6CED8 /* Assets.xcassets */; };
		A35914121C3A047C00D6CED8 /* LaunchScreen.storyboard in Resources */ = {isa = PBXBuildFile; fileRef = A35914101C3A047C00D6CED8 /* LaunchScreen.storyboard */; };
/* End PBXBuildFile section */

/* Begin PBXFileReference section */
		A35914041C3A047C00D6CED8 /* ASTextNodeTest.app */ = {isa = PBXFileReference; explicitFileType = wrapper.application; includeInIndex = 0; path = ASTextNodeTest.app; sourceTree = BUILT_PRODUCTS_DIR; };
		A35914071C3A047C00D6CED8 /* AppDelegate.swift */ = {isa = PBXFileReference; lastKnownFileType = sourcecode.swift; path = AppDelegate.swift; sourceTree = "<group>"; };
		A35914091C3A047C00D6CED8 /* ViewController.swift */ = {isa = PBXFileReference; lastKnownFileType = sourcecode.swift; path = ViewController.swift; sourceTree = "<group>"; };
		A359140C1C3A047C00D6CED8 /* Base */ = {isa = PBXFileReference; lastKnownFileType = file.storyboard; name = Base; path = Base.lproj/Main.storyboard; sourceTree = "<group>"; };
		A359140E1C3A047C00D6CED8 /* Assets.xcassets */ = {isa = PBXFileReference; lastKnownFileType = folder.assetcatalog; path = Assets.xcassets; sourceTree = "<group>"; };
		A35914111C3A047C00D6CED8 /* Base */ = {isa = PBXFileReference; lastKnownFileType = file.storyboard; name = Base; path = Base.lproj/LaunchScreen.storyboard; sourceTree = "<group>"; };
		A35914131C3A047C00D6CED8 /* Info.plist */ = {isa = PBXFileReference; lastKnownFileType = text.plist.xml; path = Info.plist; sourceTree = "<group>"; };
/* End PBXFileReference section */

/* Begin PBXFrameworksBuildPhase section */
		A35914011C3A047C00D6CED8 /* Frameworks */ = {
			isa = PBXFrameworksBuildPhase;
			buildActionMask = 2147483647;
			files = (
			);
			runOnlyForDeploymentPostprocessing = 0;
		};
/* End PBXFrameworksBuildPhase section */

/* Begin PBXGroup section */
		A35913FB1C3A047C00D6CED8 = {
			isa = PBXGroup;
			children = (
				A35914061C3A047C00D6CED8 /* ASTextNodeTest */,
				A35914051C3A047C00D6CED8 /* Products */,
			);
			sourceTree = "<group>";
		};
		A35914051C3A047C00D6CED8 /* Products */ = {
			isa = PBXGroup;
			children = (
				A35914041C3A047C00D6CED8 /* ASTextNodeTest.app */,
			);
			name = Products;
			sourceTree = "<group>";
		};
		A35914061C3A047C00D6CED8 /* ASTextNodeTest */ = {
			isa = PBXGroup;
			children = (
				A35914071C3A047C00D6CED8 /* AppDelegate.swift */,
				A35914091C3A047C00D6CED8 /* ViewController.swift */,
				A359140B1C3A047C00D6CED8 /* Main.storyboard */,
				A359140E1C3A047C00D6CED8 /* Assets.xcassets */,
				A35914101C3A047C00D6CED8 /* LaunchScreen.storyboard */,
				A35914131C3A047C00D6CED8 /* Info.plist */,
			);
			path = ASTextNodeTest;
			sourceTree = "<group>";
		};
/* End PBXGroup section */

/* Begin PBXNativeTarget section */
		A35914031C3A047C00D6CED8 /* ASTextNodeTest */ = {
			isa = PBXNativeTarget;
			buildConfigurationList = A35914161C3A047C00D6CED8 /* Build configuration list for PBXNativeTarget "ASTextNodeTest" */;
			buildPhases = (
				A35914001C3A047C00D6CED8 /* Sources */,
				A35914011C3A047C00D6CED8 /* Frameworks */,
				A35914021C3A047C00D6CED8 /* Resources */,
			);
			buildRules = (
			);
			dependencies = (
			);
			name = ASTextNodeTest;
			productName = ASTextNodeTest;
			productReference = A35914041C3A047C00D6CED8 /* ASTextNodeTest.app */;
			productType = "com.apple.product-type.application";
		};
/* End PBXNativeTarget section */

/* Begin PBXProject section */
		A35913FC1C3A047C00D6CED8 /* Project object */ = {
			isa = PBXProject;
			attributes = {
				LastSwiftUpdateCheck = 0720;
				LastUpgradeCheck = 0720;
				ORGANIZATIONNAME = Ruguo;
				TargetAttributes = {
					A35914031C3A047C00D6CED8 = {
						CreatedOnToolsVersion = 7.2;
					};
				};
			};
			buildConfigurationList = A35913FF1C3A047C00D6CED8 /* Build configuration list for PBXProject "ASTextNodeTest" */;
			compatibilityVersion = "Xcode 3.2";
			developmentRegion = English;
			hasScannedForEncodings = 0;
			knownRegions = (
				en,
				Base,
			);
			mainGroup = A35913FB1C3A047C00D6CED8;
			productRefGroup = A35914051C3A047C00D6CED8 /* Products */;
			projectDirPath = "";
			projectRoot = "";
			targets = (
				A35914031C3A047C00D6CED8 /* ASTextNodeTest */,
			);
		};
/* End PBXProject section */

/* Begin PBXResourcesBuildPhase section */
		A35914021C3A047C00D6CED8 /* Resources */ = {
			isa = PBXResourcesBuildPhase;
			buildActionMask = 2147483647;
			files = (
				A35914121C3A047C00D6CED8 /* LaunchScreen.storyboard in Resources */,
				A359140F1C3A047C00D6CED8 /* Assets.xcassets in Resources */,
				A359140D1C3A047C00D6CED8 /* Main.storyboard in Resources */,
			);
			runOnlyForDeploymentPostprocessing = 0;
		};
/* End PBXResourcesBuildPhase section */

/* Begin PBXSourcesBuildPhase section */
		A35914001C3A047C00D6CED8 /* Sources */ = {
			isa = PBXSourcesBuildPhase;
			buildActionMask = 2147483647;
			files = (
				A359140A1C3A047C00D6CED8 /* ViewController.swift in Sources */,
				A35914081C3A047C00D6CED8 /* AppDelegate.swift in Sources */,
			);
			runOnlyForDeploymentPostprocessing = 0;
		};
/* End PBXSourcesBuildPhase section */

/* Begin PBXVariantGroup section */
		A359140B1C3A047C00D6CED8 /* Main.storyboard */ = {
			isa = PBXVariantGroup;
			children = (
				A359140C1C3A047C00D6CED8 /* Base */,
			);
			name = Main.storyboard;
			sourceTree = "<group>";
		};
		A35914101C3A047C00D6CED8 /* LaunchScreen.storyboard */ = {
			isa = PBXVariantGroup;
			children = (
				A35914111C3A047C00D6CED8 /* Base */,
			);
			name = LaunchScreen.storyboard;
			sourceTree = "<group>";
		};
/* End PBXVariantGroup section */

/* Begin XCBuildConfiguration section */
		A35914141C3A047C00D6CED8 /* Debug */ = {
			isa = XCBuildConfiguration;
			buildSettings = {
				ALWAYS_SEARCH_USER_PATHS = NO;
				CLANG_CXX_LANGUAGE_STANDARD = "gnu++0x";
				CLANG_CXX_LIBRARY = "libc++";
				CLANG_ENABLE_MODULES = YES;
				CLANG_ENABLE_OBJC_ARC = YES;
				CLANG_WARN_BOOL_CONVERSION = YES;
				CLANG_WARN_CONSTANT_CONVERSION = YES;
				CLANG_WARN_DIRECT_OBJC_ISA_USAGE = YES_ERROR;
				CLANG_WARN_EMPTY_BODY = YES;
				CLANG_WARN_ENUM_CONVERSION = YES;
				CLANG_WARN_INT_CONVERSION = YES;
				CLANG_WARN_OBJC_ROOT_CLASS = YES_ERROR;
				CLANG_WARN_UNREACHABLE_CODE = YES;
				CLANG_WARN__DUPLICATE_METHOD_MATCH = YES;
				"CODE_SIGN_IDENTITY[sdk=iphoneos*]" = "iPhone Developer";
				COPY_PHASE_STRIP = NO;
				DEBUG_INFORMATION_FORMAT = dwarf;
				ENABLE_STRICT_OBJC_MSGSEND = YES;
				ENABLE_TESTABILITY = YES;
				GCC_C_LANGUAGE_STANDARD = gnu99;
				GCC_DYNAMIC_NO_PIC = NO;
				GCC_NO_COMMON_BLOCKS = YES;
				GCC_OPTIMIZATION_LEVEL = 0;
				GCC_PREPROCESSOR_DEFINITIONS = (
					"DEBUG=1",
					"$(inherited)",
				);
				GCC_WARN_64_TO_32_BIT_CONVERSION = YES;
				GCC_WARN_ABOUT_RETURN_TYPE = YES_ERROR;
				GCC_WARN_UNDECLARED_SELECTOR = YES;
				GCC_WARN_UNINITIALIZED_AUTOS = YES_AGGRESSIVE;
				GCC_WARN_UNUSED_FUNCTION = YES;
				GCC_WARN_UNUSED_VARIABLE = YES;
				IPHONEOS_DEPLOYMENT_TARGET = 9.2;
				MTL_ENABLE_DEBUG_INFO = YES;
				ONLY_ACTIVE_ARCH = YES;
				SDKROOT = iphoneos;
				SWIFT_OPTIMIZATION_LEVEL = "-Onone";
				TARGETED_DEVICE_FAMILY = "1,2";
			};
			name = Debug;
		};
		A35914151C3A047C00D6CED8 /* Release */ = {
			isa = XCBuildConfiguration;
			buildSettings = {
				ALWAYS_SEARCH_USER_PATHS = NO;
				CLANG_CXX_LANGUAGE_STANDARD = "gnu++0x";
				CLANG_CXX_LIBRARY = "libc++";
				CLANG_ENABLE_MODULES = YES;
				CLANG_ENABLE_OBJC_ARC = YES;
				CLANG_WARN_BOOL_CONVERSION = YES;
				CLANG_WARN_CONSTANT_CONVERSION = YES;
				CLANG_WARN_DIRECT_OBJC_ISA_USAGE = YES_ERROR;
				CLANG_WARN_EMPTY_BODY = YES;
				CLANG_WARN_ENUM_CONVERSION = YES;
				CLANG_WARN_INT_CONVERSION = YES;
				CLANG_WARN_OBJC_ROOT_CLASS = YES_ERROR;
				CLANG_WARN_UNREACHABLE_CODE = YES;
				CLANG_WARN__DUPLICATE_METHOD_MATCH = YES;
				"CODE_SIGN_IDENTITY[sdk=iphoneos*]" = "iPhone Developer";
				COPY_PHASE_STRIP = NO;
				DEBUG_INFORMATION_FORMAT = "dwarf-with-dsym";
				ENABLE_NS_ASSERTIONS = NO;
				ENABLE_STRICT_OBJC_MSGSEND = YES;
				GCC_C_LANGUAGE_STANDARD = gnu99;
				GCC_NO_COMMON_BLOCKS = YES;
				GCC_WARN_64_TO_32_BIT_CONVERSION = YES;
				GCC_WARN_ABOUT_RETURN_TYPE = YES_ERROR;
				GCC_WARN_UNDECLARED_SELECTOR = YES;
				GCC_WARN_UNINITIALIZED_AUTOS = YES_AGGRESSIVE;
				GCC_WARN_UNUSED_FUNCTION = YES;
				GCC_WARN_UNUSED_VARIABLE = YES;
				IPHONEOS_DEPLOYMENT_TARGET = 9.2;
				MTL_ENABLE_DEBUG_INFO = NO;
				SDKROOT = iphoneos;
				TARGETED_DEVICE_FAMILY = "1,2";
				VALIDATE_PRODUCT = YES;
			};
			name = Release;
		};
		A35914171C3A047C00D6CED8 /* Debug */ = {
			isa = XCBuildConfiguration;
			buildSettings = {
				ASSETCATALOG_COMPILER_APPICON_NAME = AppIcon;
				INFOPLIST_FILE = ASTextNodeTest/Info.plist;
				LD_RUNPATH_SEARCH_PATHS = "$(inherited) @executable_path/Frameworks";
				PRODUCT_BUNDLE_IDENTIFIER = com.ruguoapp.ASTextNodeTest;
				PRODUCT_NAME = "$(TARGET_NAME)";
			};
			name = Debug;
		};
		A35914181C3A047C00D6CED8 /* Release */ = {
			isa = XCBuildConfiguration;
			buildSettings = {
				ASSETCATALOG_COMPILER_APPICON_NAME = AppIcon;
				INFOPLIST_FILE = ASTextNodeTest/Info.plist;
				LD_RUNPATH_SEARCH_PATHS = "$(inherited) @executable_path/Frameworks";
				PRODUCT_BUNDLE_IDENTIFIER = com.ruguoapp.ASTextNodeTest;
				PRODUCT_NAME = "$(TARGET_NAME)";
			};
			name = Release;
		};
/* End XCBuildConfiguration section */

/* Begin XCConfigurationList section */
		A35913FF1C3A047C00D6CED8 /* Build configuration list for PBXProject "ASTextNodeTest" */ = {
			isa = XCConfigurationList;
			buildConfigurations = (
				A35914141C3A047C00D6CED8 /* Debug */,
				A35914151C3A047C00D6CED8 /* Release */,
			);
			defaultConfigurationIsVisible = 0;
			defaultConfigurationName = Release;
		};
		A35914161C3A047C00D6CED8 /* Build configuration list for PBXNativeTarget "ASTextNodeTest" */ = {
			isa = XCConfigurationList;
			buildConfigurations = (
				A35914171C3A047C00D6CED8 /* Debug */,
				A35914181C3A047C00D6CED8 /* Release */,
			);
			defaultConfigurationIsVisible = 0;
		};
/* End XCConfigurationList section */
	};
	rootObject = A35913FC1C3A047C00D6CED8 /* Project object */;
}
